
Microsoft Visual Studio Solution File, Format Version 12.00
# Visual Studio Version 16
VisualStudioVersion = 16.0.30114.105
MinimumVisualStudioVersion = 10.0.40219.1
Project("{E53339B2-1760-4266-BCC7-CA923CBCF16C}") = "docker-compose", "docker-compose.dcproj", "{A1B02D96-35DC-4C5B-937A-DF2D9F88646C}"
EndProject
Project("{2150E333-8FDC-42A3-9474-1A3956D46DE8}") = "code", "code", "{A1071B7C-AE8D-4F77-A5A0-4F35A84E9132}"
EndProject
Project("{9A19103F-16F7-4668-BE54-9A1E7A4F7556}") = "Frontend", "code\Frontend\Frontend.csproj", "{14FC7CAF-5379-4189-B824-FC9748A455CB}"
EndProject
Project("{9A19103F-16F7-4668-BE54-9A1E7A4F7556}") = "Backend", "code\Backend\Backend.csproj", "{59A16749-7558-4507-B1A5-379B604FA0DE}"
EndProject
Project("{9A19103F-16F7-4668-BE54-9A1E7A4F7556}") = "Models", "code\Models\Models.csproj", "{30EC1FF3-7DED-49CD-9D8D-9BF240E38D42}"
EndProject
Project("{9A19103F-16F7-4668-BE54-9A1E7A4F7556}") = "CircuitBreaker", "code\CircuitBreaker\CircuitBreaker.csproj", "{1CF8A2E9-49EC-48AF-91FF-5A672C497D99}"
EndProject
Global
	GlobalSection(SolutionConfigurationPlatforms) = preSolution
		Debug|Any CPU = Debug|Any CPU
		Release|Any CPU = Release|Any CPU
	EndGlobalSection
	GlobalSection(ProjectConfigurationPlatforms) = postSolution
		{A1B02D96-35DC-4C5B-937A-DF2D9F88646C}.Debug|Any CPU.ActiveCfg = Debug|Any CPU
		{A1B02D96-35DC-4C5B-937A-DF2D9F88646C}.Debug|Any CPU.Build.0 = Debug|Any CPU
		{A1B02D96-35DC-4C5B-937A-DF2D9F88646C}.Release|Any CPU.ActiveCfg = Release|Any CPU
		{A1B02D96-35DC-4C5B-937A-DF2D9F88646C}.Release|Any CPU.Build.0 = Release|Any CPU
		{14FC7CAF-5379-4189-B824-FC9748A455CB}.Debug|Any CPU.ActiveCfg = Debug|Any CPU
		{14FC7CAF-5379-4189-B824-FC9748A455CB}.Debug|Any CPU.Build.0 = Debug|Any CPU
		{14FC7CAF-5379-4189-B824-FC9748A455CB}.Release|Any CPU.ActiveCfg = Release|Any CPU
		{14FC7CAF-5379-4189-B824-FC9748A455CB}.Release|Any CPU.Build.0 = Release|Any CPU
		{59A16749-7558-4507-B1A5-379B604FA0DE}.Debug|Any CPU.ActiveCfg = Debug|Any CPU
		{59A16749-7558-4507-B1A5-379B604FA0DE}.Debug|Any CPU.Build.0 = Debug|Any CPU
		{59A16749-7558-4507-B1A5-379B604FA0DE}.Release|Any CPU.ActiveCfg = Release|Any CPU
		{59A16749-7558-4507-B1A5-379B604FA0DE}.Release|Any CPU.Build.0 = Release|Any CPU
		{30EC1FF3-7DED-49CD-9D8D-9BF240E38D42}.Debug|Any CPU.ActiveCfg = Debug|Any CPU
		{30EC1FF3-7DED-49CD-9D8D-9BF240E38D42}.Debug|Any CPU.Build.0 = Debug|Any CPU
		{30EC1FF3-7DED-49CD-9D8D-9BF240E38D42}.Release|Any CPU.ActiveCfg = Release|Any CPU
		{30EC1FF3-7DED-49CD-9D8D-9BF240E38D42}.Release|Any CPU.Build.0 = Release|Any CPU
		{1CF8A2E9-49EC-48AF-91FF-5A672C497D99}.Debug|Any CPU.ActiveCfg = Debug|Any CPU
		{1CF8A2E9-49EC-48AF-91FF-5A672C497D99}.Debug|Any CPU.Build.0 = Debug|Any CPU
		{1CF8A2E9-49EC-48AF-91FF-5A672C497D99}.Release|Any CPU.ActiveCfg = Release|Any CPU
		{1CF8A2E9-49EC-48AF-91FF-5A672C497D99}.Release|Any CPU.Build.0 = Release|Any CPU
	EndGlobalSection
	GlobalSection(SolutionProperties) = preSolution
		HideSolutionNode = FALSE
	EndGlobalSection
	GlobalSection(NestedProjects) = preSolution
		{14FC7CAF-5379-4189-B824-FC9748A455CB} = {A1071B7C-AE8D-4F77-A5A0-4F35A84E9132}
		{59A16749-7558-4507-B1A5-379B604FA0DE} = {A1071B7C-AE8D-4F77-A5A0-4F35A84E9132}
		{30EC1FF3-7DED-49CD-9D8D-9BF240E38D42} = {A1071B7C-AE8D-4F77-A5A0-4F35A84E9132}
		{1CF8A2E9-49EC-48AF-91FF-5A672C497D99} = {A1071B7C-AE8D-4F77-A5A0-4F35A84E9132}
	EndGlobalSection
	GlobalSection(ExtensibilityGlobals) = postSolution
		SolutionGuid = {06FAA184-05ED-4C22-9A96-090A279B86D2}
	EndGlobalSection
EndGlobal
